// !$*UTF8*$!
{
	archiveVersion = 1;
	classes = {
	};
	objectVersion = 51;
	objects = {

/* Begin PBXBuildFile section */
		65198B7C23870C900063EC65 /* AppDelegate.swift in Sources */ = {isa = PBXBuildFile; fileRef = 65198B7B23870C900063EC65 /* AppDelegate.swift */; };
		65198B7E23870C900063EC65 /* art.scnassets in Resources */ = {isa = PBXBuildFile; fileRef = 65198B7D23870C900063EC65 /* art.scnassets */; };
		65198B8023870C900063EC65 /* ViewController.swift in Sources */ = {isa = PBXBuildFile; fileRef = 65198B7F23870C900063EC65 /* ViewController.swift */; };
		65198B8323870C900063EC65 /* Main.storyboard in Resources */ = {isa = PBXBuildFile; fileRef = 65198B8123870C900063EC65 /* Main.storyboard */; };
		65198B8523870C920063EC65 /* Assets.xcassets in Resources */ = {isa = PBXBuildFile; fileRef = 65198B8423870C920063EC65 /* Assets.xcassets */; };
		65198B8823870C920063EC65 /* LaunchScreen.storyboard in Resources */ = {isa = PBXBuildFile; fileRef = 65198B8623870C920063EC65 /* LaunchScreen.storyboard */; };
		65FC1B01238F0B3A009A7D4A /* VirtualPlane.swift in Sources */ = {isa = PBXBuildFile; fileRef = 65FC1B00238F0B3A009A7D4A /* VirtualPlane.swift */; };
		C33C0CDF57AAA4E410AF9438 /* Pods_ARKit_Prototype.framework in Frameworks */ = {isa = PBXBuildFile; fileRef = 03CAF03707E8186A9ACD7A16 /* Pods_ARKit_Prototype.framework */; };
		CB44EF4B239334ED00E4AFEA /* GoogleService-Info.plist in Resources */ = {isa = PBXBuildFile; fileRef = CB44EF4A239334ED00E4AFEA /* GoogleService-Info.plist */; };
/* End PBXBuildFile section */

/* Begin PBXFileReference section */
		03CAF03707E8186A9ACD7A16 /* Pods_ARKit_Prototype.framework */ = {isa = PBXFileReference; explicitFileType = wrapper.framework; includeInIndex = 0; path = Pods_ARKit_Prototype.framework; sourceTree = BUILT_PRODUCTS_DIR; };
		65198B7823870C900063EC65 /* ARKit Prototype.app */ = {isa = PBXFileReference; explicitFileType = wrapper.application; includeInIndex = 0; path = "ARKit Prototype.app"; sourceTree = BUILT_PRODUCTS_DIR; };
		65198B7B23870C900063EC65 /* AppDelegate.swift */ = {isa = PBXFileReference; lastKnownFileType = sourcecode.swift; path = AppDelegate.swift; sourceTree = "<group>"; };
		65198B7D23870C900063EC65 /* art.scnassets */ = {isa = PBXFileReference; lastKnownFileType = wrapper.scnassets; path = art.scnassets; sourceTree = "<group>"; };
		65198B7F23870C900063EC65 /* ViewController.swift */ = {isa = PBXFileReference; lastKnownFileType = sourcecode.swift; path = ViewController.swift; sourceTree = "<group>"; };
		65198B8223870C900063EC65 /* Base */ = {isa = PBXFileReference; lastKnownFileType = file.storyboard; name = Base; path = Base.lproj/Main.storyboard; sourceTree = "<group>"; };
		65198B8423870C920063EC65 /* Assets.xcassets */ = {isa = PBXFileReference; lastKnownFileType = folder.assetcatalog; path = Assets.xcassets; sourceTree = "<group>"; };
		65198B8723870C920063EC65 /* Base */ = {isa = PBXFileReference; lastKnownFileType = file.storyboard; name = Base; path = Base.lproj/LaunchScreen.storyboard; sourceTree = "<group>"; };
		65198B8923870C920063EC65 /* Info.plist */ = {isa = PBXFileReference; lastKnownFileType = text.plist.xml; path = Info.plist; sourceTree = "<group>"; };
		65FC1B00238F0B3A009A7D4A /* VirtualPlane.swift */ = {isa = PBXFileReference; lastKnownFileType = sourcecode.swift; path = VirtualPlane.swift; sourceTree = "<group>"; };
		71D3042831E7D740D54C95EA /* Pods-ARKit Prototype.release.xcconfig */ = {isa = PBXFileReference; includeInIndex = 1; lastKnownFileType = text.xcconfig; name = "Pods-ARKit Prototype.release.xcconfig"; path = "Target Support Files/Pods-ARKit Prototype/Pods-ARKit Prototype.release.xcconfig"; sourceTree = "<group>"; };
		CB44EF4A239334ED00E4AFEA /* GoogleService-Info.plist */ = {isa = PBXFileReference; fileEncoding = 4; lastKnownFileType = text.plist.xml; path = "GoogleService-Info.plist"; sourceTree = "<group>"; };
		F2338E3ED8E91A9D3F2FB6EB /* Pods-ARKit Prototype.debug.xcconfig */ = {isa = PBXFileReference; includeInIndex = 1; lastKnownFileType = text.xcconfig; name = "Pods-ARKit Prototype.debug.xcconfig"; path = "Target Support Files/Pods-ARKit Prototype/Pods-ARKit Prototype.debug.xcconfig"; sourceTree = "<group>"; };
/* End PBXFileReference section */

/* Begin PBXFrameworksBuildPhase section */
		65198B7523870C8F0063EC65 /* Frameworks */ = {
			isa = PBXFrameworksBuildPhase;
			buildActionMask = 2147483647;
			files = (
				C33C0CDF57AAA4E410AF9438 /* Pods_ARKit_Prototype.framework in Frameworks */,
			);
			runOnlyForDeploymentPostprocessing = 0;
		};
/* End PBXFrameworksBuildPhase section */

/* Begin PBXGroup section */
		2AFE97CED8AC46B583168189 /* Frameworks */ = {
			isa = PBXGroup;
			children = (
				03CAF03707E8186A9ACD7A16 /* Pods_ARKit_Prototype.framework */,
			);
			name = Frameworks;
			sourceTree = "<group>";
		};
		4C7F208DC82822D65EA675FD /* Pods */ = {
			isa = PBXGroup;
			children = (
				F2338E3ED8E91A9D3F2FB6EB /* Pods-ARKit Prototype.debug.xcconfig */,
				71D3042831E7D740D54C95EA /* Pods-ARKit Prototype.release.xcconfig */,
			);
			path = Pods;
			sourceTree = "<group>";
		};
		65198B6F23870C8F0063EC65 = {
			isa = PBXGroup;
			children = (
				65198B7A23870C900063EC65 /* ARKit Prototype */,
				65198B7923870C900063EC65 /* Products */,
				4C7F208DC82822D65EA675FD /* Pods */,
				2AFE97CED8AC46B583168189 /* Frameworks */,
			);
			sourceTree = "<group>";
		};
		65198B7923870C900063EC65 /* Products */ = {
			isa = PBXGroup;
			children = (
				65198B7823870C900063EC65 /* ARKit Prototype.app */,
			);
			name = Products;
			sourceTree = "<group>";
		};
		65198B7A23870C900063EC65 /* ARKit Prototype */ = {
			isa = PBXGroup;
			children = (
				CB44EF4A239334ED00E4AFEA /* GoogleService-Info.plist */,
				65198B7B23870C900063EC65 /* AppDelegate.swift */,
				65198B7D23870C900063EC65 /* art.scnassets */,
				65198B7F23870C900063EC65 /* ViewController.swift */,
				65FC1B00238F0B3A009A7D4A /* VirtualPlane.swift */,
				65198B8123870C900063EC65 /* Main.storyboard */,
				65198B8423870C920063EC65 /* Assets.xcassets */,
				65198B8623870C920063EC65 /* LaunchScreen.storyboard */,
				65198B8923870C920063EC65 /* Info.plist */,
			);
			path = "ARKit Prototype";
			sourceTree = "<group>";
		};
/* End PBXGroup section */

/* Begin PBXNativeTarget section */
		65198B7723870C8F0063EC65 /* ARKit Prototype */ = {
			isa = PBXNativeTarget;
			buildConfigurationList = 65198B8C23870C920063EC65 /* Build configuration list for PBXNativeTarget "ARKit Prototype" */;
			buildPhases = (
				D3114E444FC386B1D39BC01B /* [CP] Check Pods Manifest.lock */,
				65198B7423870C8F0063EC65 /* Sources */,
				65198B7523870C8F0063EC65 /* Frameworks */,
				65198B7623870C8F0063EC65 /* Resources */,
				FC9D3F6AF9854FE8818A5C25 /* [CP] Embed Pods Frameworks */,
			);
			buildRules = (
			);
			dependencies = (
			);
			name = "ARKit Prototype";
			productName = "ARKit Prototype";
			productReference = 65198B7823870C900063EC65 /* ARKit Prototype.app */;
			productType = "com.apple.product-type.application";
		};
/* End PBXNativeTarget section */

/* Begin PBXProject section */
		65198B7023870C8F0063EC65 /* Project object */ = {
			isa = PBXProject;
			attributes = {
				LastSwiftUpdateCheck = 1120;
				LastUpgradeCheck = 1120;
				ORGANIZATIONNAME = "Vineet Joshi";
				TargetAttributes = {
					65198B7723870C8F0063EC65 = {
						CreatedOnToolsVersion = 11.2.1;
					};
				};
			};
			buildConfigurationList = 65198B7323870C8F0063EC65 /* Build configuration list for PBXProject "ARKit Prototype" */;
			compatibilityVersion = "Xcode 9.3";
			developmentRegion = en;
			hasScannedForEncodings = 0;
			knownRegions = (
				en,
				Base,
			);
			mainGroup = 65198B6F23870C8F0063EC65;
			productRefGroup = 65198B7923870C900063EC65 /* Products */;
			projectDirPath = "";
			projectRoot = "";
			targets = (
				65198B7723870C8F0063EC65 /* ARKit Prototype */,
			);
		};
/* End PBXProject section */

/* Begin PBXResourcesBuildPhase section */
		65198B7623870C8F0063EC65 /* Resources */ = {
			isa = PBXResourcesBuildPhase;
			buildActionMask = 2147483647;
			files = (
				65198B7E23870C900063EC65 /* art.scnassets in Resources */,
				65198B8823870C920063EC65 /* LaunchScreen.storyboard in Resources */,
				CB44EF4B239334ED00E4AFEA /* GoogleService-Info.plist in Resources */,
				65198B8523870C920063EC65 /* Assets.xcassets in Resources */,
				65198B8323870C900063EC65 /* Main.storyboard in Resources */,
			);
			runOnlyForDeploymentPostprocessing = 0;
		};
/* End PBXResourcesBuildPhase section */

/* Begin PBXShellScriptBuildPhase section */
		D3114E444FC386B1D39BC01B /* [CP] Check Pods Manifest.lock */ = {
			isa = PBXShellScriptBuildPhase;
			buildActionMask = 2147483647;
			files = (
			);
			inputFileListPaths = (
			);
			inputPaths = (
				"${PODS_PODFILE_DIR_PATH}/Podfile.lock",
				"${PODS_ROOT}/Manifest.lock",
			);
			name = "[CP] Check Pods Manifest.lock";
			outputFileListPaths = (
			);
			outputPaths = (
				"$(DERIVED_FILE_DIR)/Pods-ARKit Prototype-checkManifestLockResult.txt",
			);
			runOnlyForDeploymentPostprocessing = 0;
			shellPath = /bin/sh;
			shellScript = "diff \"${PODS_PODFILE_DIR_PATH}/Podfile.lock\" \"${PODS_ROOT}/Manifest.lock\" > /dev/null\nif [ $? != 0 ] ; then\n    # print error to STDERR\n    echo \"error: The sandbox is not in sync with the Podfile.lock. Run 'pod install' or update your CocoaPods installation.\" >&2\n    exit 1\nfi\n# This output is used by Xcode 'outputs' to avoid re-running this script phase.\necho \"SUCCESS\" > \"${SCRIPT_OUTPUT_FILE_0}\"\n";
			showEnvVarsInLog = 0;
		};
		FC9D3F6AF9854FE8818A5C25 /* [CP] Embed Pods Frameworks */ = {
			isa = PBXShellScriptBuildPhase;
			buildActionMask = 2147483647;
			files = (
			);
			inputFileListPaths = (
				"${PODS_ROOT}/Target Support Files/Pods-ARKit Prototype/Pods-ARKit Prototype-frameworks-${CONFIGURATION}-input-files.xcfilelist",
			);
			name = "[CP] Embed Pods Frameworks";
			outputFileListPaths = (
				"${PODS_ROOT}/Target Support Files/Pods-ARKit Prototype/Pods-ARKit Prototype-frameworks-${CONFIGURATION}-output-files.xcfilelist",
			);
			runOnlyForDeploymentPostprocessing = 0;
			shellPath = /bin/sh;
			shellScript = "\"${PODS_ROOT}/Target Support Files/Pods-ARKit Prototype/Pods-ARKit Prototype-frameworks.sh\"\n";
			showEnvVarsInLog = 0;
		};
/* End PBXShellScriptBuildPhase section */

/* Begin PBXSourcesBuildPhase section */
		65198B7423870C8F0063EC65 /* Sources */ = {
			isa = PBXSourcesBuildPhase;
			buildActionMask = 2147483647;
			files = (
				65198B8023870C900063EC65 /* ViewController.swift in Sources */,
				65198B7C23870C900063EC65 /* AppDelegate.swift in Sources */,
				65FC1B01238F0B3A009A7D4A /* VirtualPlane.swift in Sources */,
			);
			runOnlyForDeploymentPostprocessing = 0;
		};
/* End PBXSourcesBuildPhase section */

/* Begin PBXVariantGroup section */
		65198B8123870C900063EC65 /* Main.storyboard */ = {
			isa = PBXVariantGroup;
			children = (
				65198B8223870C900063EC65 /* Base */,
			);
			name = Main.storyboard;
			sourceTree = "<group>";
		};
		65198B8623870C920063EC65 /* LaunchScreen.storyboard */ = {
			isa = PBXVariantGroup;
			children = (
				65198B8723870C920063EC65 /* Base */,
			);
			name = LaunchScreen.storyboard;
			sourceTree = "<group>";
		};
/* End PBXVariantGroup section */

/* Begin XCBuildConfiguration section */
		65198B8A23870C920063EC65 /* Debug */ = {
			isa = XCBuildConfiguration;
			buildSettings = {
				ALWAYS_SEARCH_USER_PATHS = NO;
				CLANG_ANALYZER_NONNULL = YES;
				CLANG_ANALYZER_NUMBER_OBJECT_CONVERSION = YES_AGGRESSIVE;
				CLANG_CXX_LANGUAGE_STANDARD = "gnu++14";
				CLANG_CXX_LIBRARY = "libc++";
				CLANG_ENABLE_MODULES = YES;
				CLANG_ENABLE_OBJC_ARC = YES;
				CLANG_ENABLE_OBJC_WEAK = YES;
				CLANG_WARN_BLOCK_CAPTURE_AUTORELEASING = YES;
				CLANG_WARN_BOOL_CONVERSION = YES;
				CLANG_WARN_COMMA = YES;
				CLANG_WARN_CONSTANT_CONVERSION = YES;
				CLANG_WARN_DEPRECATED_OBJC_IMPLEMENTATIONS = YES;
				CLANG_WARN_DIRECT_OBJC_ISA_USAGE = YES_ERROR;
				CLANG_WARN_DOCUMENTATION_COMMENTS = YES;
				CLANG_WARN_EMPTY_BODY = YES;
				CLANG_WARN_ENUM_CONVERSION = YES;
				CLANG_WARN_INFINITE_RECURSION = YES;
				CLANG_WARN_INT_CONVERSION = YES;
				CLANG_WARN_NON_LITERAL_NULL_CONVERSION = YES;
				CLANG_WARN_OBJC_IMPLICIT_RETAIN_SELF = YES;
				CLANG_WARN_OBJC_LITERAL_CONVERSION = YES;
				CLANG_WARN_OBJC_ROOT_CLASS = YES_ERROR;
				CLANG_WARN_RANGE_LOOP_ANALYSIS = YES;
				CLANG_WARN_STRICT_PROTOTYPES = YES;
				CLANG_WARN_SUSPICIOUS_MOVE = YES;
				CLANG_WARN_UNGUARDED_AVAILABILITY = YES_AGGRESSIVE;
				CLANG_WARN_UNREACHABLE_CODE = YES;
				CLANG_WARN__DUPLICATE_METHOD_MATCH = YES;
				COPY_PHASE_STRIP = NO;
				DEBUG_INFORMATION_FORMAT = dwarf;
				ENABLE_STRICT_OBJC_MSGSEND = YES;
				ENABLE_TESTABILITY = YES;
				GCC_C_LANGUAGE_STANDARD = gnu11;
				GCC_DYNAMIC_NO_PIC = NO;
				GCC_NO_COMMON_BLOCKS = YES;
				GCC_OPTIMIZATION_LEVEL = 0;
				GCC_PREPROCESSOR_DEFINITIONS = (
					"DEBUG=1",
					"$(inherited)",
				);
				GCC_WARN_64_TO_32_BIT_CONVERSION = YES;
				GCC_WARN_ABOUT_RETURN_TYPE = YES_ERROR;
				GCC_WARN_UNDECLARED_SELECTOR = YES;
				GCC_WARN_UNINITIALIZED_AUTOS = YES_AGGRESSIVE;
				GCC_WARN_UNUSED_FUNCTION = YES;
				GCC_WARN_UNUSED_VARIABLE = YES;
				IPHONEOS_DEPLOYMENT_TARGET = 13.2;
				MTL_ENABLE_DEBUG_INFO = INCLUDE_SOURCE;
				MTL_FAST_MATH = YES;
				ONLY_ACTIVE_ARCH = YES;
				SDKROOT = iphoneos;
				SWIFT_ACTIVE_COMPILATION_CONDITIONS = DEBUG;
				SWIFT_OPTIMIZATION_LEVEL = "-Onone";
			};
			name = Debug;
		};
		65198B8B23870C920063EC65 /* Release */ = {
			isa = XCBuildConfiguration;
			buildSettings = {
				ALWAYS_SEARCH_USER_PATHS = NO;
				CLANG_ANALYZER_NONNULL = YES;
				CLANG_ANALYZER_NUMBER_OBJECT_CONVERSION = YES_AGGRESSIVE;
				CLANG_CXX_LANGUAGE_STANDARD = "gnu++14";
				CLANG_CXX_LIBRARY = "libc++";
				CLANG_ENABLE_MODULES = YES;
				CLANG_ENABLE_OBJC_ARC = YES;
				CLANG_ENABLE_OBJC_WEAK = YES;
				CLANG_WARN_BLOCK_CAPTURE_AUTORELEASING = YES;
				CLANG_WARN_BOOL_CONVERSION = YES;
				CLANG_WARN_COMMA = YES;
				CLANG_WARN_CONSTANT_CONVERSION = YES;
				CLANG_WARN_DEPRECATED_OBJC_IMPLEMENTATIONS = YES;
				CLANG_WARN_DIRECT_OBJC_ISA_USAGE = YES_ERROR;
				CLANG_WARN_DOCUMENTATION_COMMENTS = YES;
				CLANG_WARN_EMPTY_BODY = YES;
				CLANG_WARN_ENUM_CONVERSION = YES;
				CLANG_WARN_INFINITE_RECURSION = YES;
				CLANG_WARN_INT_CONVERSION = YES;
				CLANG_WARN_NON_LITERAL_NULL_CONVERSION = YES;
				CLANG_WARN_OBJC_IMPLICIT_RETAIN_SELF = YES;
				CLANG_WARN_OBJC_LITERAL_CONVERSION = YES;
				CLANG_WARN_OBJC_ROOT_CLASS = YES_ERROR;
				CLANG_WARN_RANGE_LOOP_ANALYSIS = YES;
				CLANG_WARN_STRICT_PROTOTYPES = YES;
				CLANG_WARN_SUSPICIOUS_MOVE = YES;
				CLANG_WARN_UNGUARDED_AVAILABILITY = YES_AGGRESSIVE;
				CLANG_WARN_UNREACHABLE_CODE = YES;
				CLANG_WARN__DUPLICATE_METHOD_MATCH = YES;
				COPY_PHASE_STRIP = NO;
				DEBUG_INFORMATION_FORMAT = "dwarf-with-dsym";
				ENABLE_NS_ASSERTIONS = NO;
				ENABLE_STRICT_OBJC_MSGSEND = YES;
				GCC_C_LANGUAGE_STANDARD = gnu11;
				GCC_NO_COMMON_BLOCKS = YES;
				GCC_WARN_64_TO_32_BIT_CONVERSION = YES;
				GCC_WARN_ABOUT_RETURN_TYPE = YES_ERROR;
				GCC_WARN_UNDECLARED_SELECTOR = YES;
				GCC_WARN_UNINITIALIZED_AUTOS = YES_AGGRESSIVE;
				GCC_WARN_UNUSED_FUNCTION = YES;
				GCC_WARN_UNUSED_VARIABLE = YES;
				IPHONEOS_DEPLOYMENT_TARGET = 13.2;
				MTL_ENABLE_DEBUG_INFO = NO;
				MTL_FAST_MATH = YES;
				SDKROOT = iphoneos;
				SWIFT_COMPILATION_MODE = wholemodule;
				SWIFT_OPTIMIZATION_LEVEL = "-O";
				VALIDATE_PRODUCT = YES;
			};
			name = Release;
		};
		65198B8D23870C920063EC65 /* Debug */ = {
			isa = XCBuildConfiguration;
			baseConfigurationReference = F2338E3ED8E91A9D3F2FB6EB /* Pods-ARKit Prototype.debug.xcconfig */;
			buildSettings = {
				ASSETCATALOG_COMPILER_APPICON_NAME = AppIcon;
				CODE_SIGN_STYLE = Automatic;
				DEVELOPMENT_TEAM = UHN9GGJM9D;
				INFOPLIST_FILE = "ARKit Prototype/Info.plist";
				IPHONEOS_DEPLOYMENT_TARGET = 13.1;
				LD_RUNPATH_SEARCH_PATHS = (
					"$(inherited)",
					"@executable_path/Frameworks",
				);
				PRODUCT_BUNDLE_IDENTIFIER = "tiantian0627.ARKit-Prototype";
				PRODUCT_NAME = "$(TARGET_NAME)";
				SWIFT_VERSION = 5.0;
				TARGETED_DEVICE_FAMILY = "1,2";
			};
			name = Debug;
		};
		65198B8E23870C920063EC65 /* Release */ = {
			isa = XCBuildConfiguration;
			baseConfigurationReference = 71D3042831E7D740D54C95EA /* Pods-ARKit Prototype.release.xcconfig */;
			buildSettings = {
				ASSETCATALOG_COMPILER_APPICON_NAME = AppIcon;
				CODE_SIGN_STYLE = Automatic;
				DEVELOPMENT_TEAM = UHN9GGJM9D;
				INFOPLIST_FILE = "ARKit Prototype/Info.plist";
				IPHONEOS_DEPLOYMENT_TARGET = 13.1;
				LD_RUNPATH_SEARCH_PATHS = (
					"$(inherited)",
					"@executable_path/Frameworks",
				);
				PRODUCT_BUNDLE_IDENTIFIER = "tiantian0627.ARKit-Prototype";
				PRODUCT_NAME = "$(TARGET_NAME)";
				SWIFT_VERSION = 5.0;
				TARGETED_DEVICE_FAMILY = "1,2";
			};
			name = Release;
		};
/* End XCBuildConfiguration section */

/* Begin XCConfigurationList section */
		65198B7323870C8F0063EC65 /* Build configuration list for PBXProject "ARKit Prototype" */ = {
			isa = XCConfigurationList;
			buildConfigurations = (
				65198B8A23870C920063EC65 /* Debug */,
				65198B8B23870C920063EC65 /* Release */,
			);
			defaultConfigurationIsVisible = 0;
			defaultConfigurationName = Release;
		};
		65198B8C23870C920063EC65 /* Build configuration list for PBXNativeTarget "ARKit Prototype" */ = {
			isa = XCConfigurationList;
			buildConfigurations = (
				65198B8D23870C920063EC65 /* Debug */,
				65198B8E23870C920063EC65 /* Release */,
			);
			defaultConfigurationIsVisible = 0;
			defaultConfigurationName = Release;
		};
/* End XCConfigurationList section */
	};
	rootObject = 65198B7023870C8F0063EC65 /* Project object */;
}
